
Microsoft Visual Studio Solution File, Format Version 12.00
# Visual Studio Version 17
VisualStudioVersion = 17.14.37203.1 d17.14
MinimumVisualStudioVersion = 10.0.40219.1
Project("{FAE04EC0-301F-11D3-BF4B-00C04F79EFBC}") = "modaar.api", "modaar.api\modaar.api.csproj", "{3AF25085-6782-45E2-88DD-0F84D3C51E43}"
EndProject
Global
	GlobalSection(SolutionConfigurationPlatforms) = preSolution
		Debug|Any CPU = Debug|Any CPU
		Release|Any CPU = Release|Any CPU
	EndGlobalSection
	GlobalSection(ProjectConfigurationPlatforms) = postSolution
		{3AF25085-6782-45E2-88DD-0F84D3C51E43}.Debug|Any CPU.ActiveCfg = Debug|Any CPU
		{3AF25085-6782-45E2-88DD-0F84D3C51E43}.Debug|Any CPU.Build.0 = Debug|Any CPU
		{3AF25085-6782-45E2-88DD-0F84D3C51E43}.Release|Any CPU.ActiveCfg = Release|Any CPU
		{3AF25085-6782-45E2-88DD-0F84D3C51E43}.Release|Any CPU.Build.0 = Release|Any CPU
	EndGlobalSection
	GlobalSection(SolutionProperties) = preSolution
		HideSolutionNode = FALSE
	EndGlobalSection
	GlobalSection(ExtensibilityGlobals) = postSolution
		SolutionGuid = {BE00213B-460F-4F01-A67D-089BA82F9E4B}
	EndGlobalSection
EndGlobal
